// !$*UTF8*$!
{
	archiveVersion = 1;
	classes = {
	};
	objectVersion = 51;
	objects = {

/* Begin PBXBuildFile section */
		443E8F81243ADCC7000CB9F2 /* Account.swift in Sources */ = {isa = PBXBuildFile; fileRef = 443E8F80243ADCC7000CB9F2 /* Account.swift */; };
		443E8F83243ADE39000CB9F2 /* Owner.swift in Sources */ = {isa = PBXBuildFile; fileRef = 443E8F82243ADE39000CB9F2 /* Owner.swift */; };
		443E8F85243B0C0E000CB9F2 /* .gitignore in Resources */ = {isa = PBXBuildFile; fileRef = 443E8F84243B0C0E000CB9F2 /* .gitignore */; };
		4484579C238001130087A520 /* AppDelegate.swift in Sources */ = {isa = PBXBuildFile; fileRef = 4484579B238001130087A520 /* AppDelegate.swift */; };
		4484579E238001130087A520 /* SceneDelegate.swift in Sources */ = {isa = PBXBuildFile; fileRef = 4484579D238001130087A520 /* SceneDelegate.swift */; };
		448457A0238001130087A520 /* Home.swift in Sources */ = {isa = PBXBuildFile; fileRef = 4484579F238001130087A520 /* Home.swift */; };
		448457A3238001130087A520 /* Main.storyboard in Resources */ = {isa = PBXBuildFile; fileRef = 448457A1238001130087A520 /* Main.storyboard */; };
		448457A5238001140087A520 /* Assets.xcassets in Resources */ = {isa = PBXBuildFile; fileRef = 448457A4238001140087A520 /* Assets.xcassets */; };
		448457A8238001140087A520 /* LaunchScreen.storyboard in Resources */ = {isa = PBXBuildFile; fileRef = 448457A6238001140087A520 /* LaunchScreen.storyboard */; };
		4493CC612434B548008793B7 /* AccountCard.swift in Sources */ = {isa = PBXBuildFile; fileRef = 4493CC602434B548008793B7 /* AccountCard.swift */; };
		4493CC6A2434DD17008793B7 /* UIColor.swift in Sources */ = {isa = PBXBuildFile; fileRef = 4493CC692434DD17008793B7 /* UIColor.swift */; };
		4493EB022430D4A200437345 /* Budgets.swift in Sources */ = {isa = PBXBuildFile; fileRef = 4493EB012430D4A200437345 /* Budgets.swift */; };
		4493EB062431146000437345 /* TabBar.swift in Sources */ = {isa = PBXBuildFile; fileRef = 4493EB052431146000437345 /* TabBar.swift */; };
		4493EB272431C64300437345 /* Montserrat-SemiBold.ttf in Resources */ = {isa = PBXBuildFile; fileRef = 4493EB1E2431C64300437345 /* Montserrat-SemiBold.ttf */; };
		4493EB282431C64300437345 /* Montserrat-Light.ttf in Resources */ = {isa = PBXBuildFile; fileRef = 4493EB1F2431C64300437345 /* Montserrat-Light.ttf */; };
		4493EB292431C64300437345 /* Montserrat-Black.ttf in Resources */ = {isa = PBXBuildFile; fileRef = 4493EB202431C64300437345 /* Montserrat-Black.ttf */; };
		4493EB2A2431C64300437345 /* Montserrat-Medium.ttf in Resources */ = {isa = PBXBuildFile; fileRef = 4493EB212431C64300437345 /* Montserrat-Medium.ttf */; };
		4493EB2B2431C64300437345 /* Montserrat-ExtraLight.ttf in Resources */ = {isa = PBXBuildFile; fileRef = 4493EB222431C64300437345 /* Montserrat-ExtraLight.ttf */; };
		4493EB2C2431C64300437345 /* Montserrat-Regular.ttf in Resources */ = {isa = PBXBuildFile; fileRef = 4493EB232431C64300437345 /* Montserrat-Regular.ttf */; };
		4493EB2D2431C64300437345 /* Montserrat-Bold.ttf in Resources */ = {isa = PBXBuildFile; fileRef = 4493EB242431C64300437345 /* Montserrat-Bold.ttf */; };
		4493EB2E2431C64300437345 /* Montserrat-Thin.ttf in Resources */ = {isa = PBXBuildFile; fileRef = 4493EB252431C64300437345 /* Montserrat-Thin.ttf */; };
		4493EB2F2431C64300437345 /* Montserrat-ExtraBold.ttf in Resources */ = {isa = PBXBuildFile; fileRef = 4493EB262431C64300437345 /* Montserrat-ExtraBold.ttf */; };
		44B0AA452438E83A0089E8A5 /* AccountsCards.swift in Sources */ = {isa = PBXBuildFile; fileRef = 44B0AA442438E83A0089E8A5 /* AccountsCards.swift */; };
		44B0AA472438E8520089E8A5 /* AccountsActions.swift in Sources */ = {isa = PBXBuildFile; fileRef = 44B0AA462438E8520089E8A5 /* AccountsActions.swift */; };
		44B0AA4D2439ED8E0089E8A5 /* AccountAction.swift in Sources */ = {isa = PBXBuildFile; fileRef = 44B0AA4C2439ED8E0089E8A5 /* AccountAction.swift */; };
		44B0AA4F243A12A20089E8A5 /* Accounts.swift in Sources */ = {isa = PBXBuildFile; fileRef = 44B0AA4E243A12A20089E8A5 /* Accounts.swift */; };
		44B0AA52243A48FC0089E8A5 /* AccountCardList.swift in Sources */ = {isa = PBXBuildFile; fileRef = 44B0AA51243A48FC0089E8A5 /* AccountCardList.swift */; };
		44CCCB0223CB3EB000A32B59 /* Podfile in Resources */ = {isa = PBXBuildFile; fileRef = 44CCCB0123CB3EB000A32B59 /* Podfile */; };
		44CCCB0523CB42D200A32B59 /* Budget.swift in Sources */ = {isa = PBXBuildFile; fileRef = 44CCCB0423CB42D200A32B59 /* Budget.swift */; };
		44CCCB0923CB465900A32B59 /* DatabaseManager.swift in Sources */ = {isa = PBXBuildFile; fileRef = 44CCCB0823CB465900A32B59 /* DatabaseManager.swift */; };
		44FC875223CB913500824A4A /* BudgetParams.swift in Sources */ = {isa = PBXBuildFile; fileRef = 44FC875123CB913500824A4A /* BudgetParams.swift */; };
		787A644562AE6A7EBC63787C /* Pods_FinanceAssistant.framework in Frameworks */ = {isa = PBXBuildFile; fileRef = 59A22523BC18BD4FA75ADA1D /* Pods_FinanceAssistant.framework */; };
/* End PBXBuildFile section */

/* Begin PBXFileReference section */
		374C686EAC2A70059AA3FCF2 /* Pods-FinanceAssistant.debug.xcconfig */ = {isa = PBXFileReference; includeInIndex = 1; lastKnownFileType = text.xcconfig; name = "Pods-FinanceAssistant.debug.xcconfig"; path = "Target Support Files/Pods-FinanceAssistant/Pods-FinanceAssistant.debug.xcconfig"; sourceTree = "<group>"; };
		443E8F80243ADCC7000CB9F2 /* Account.swift */ = {isa = PBXFileReference; lastKnownFileType = sourcecode.swift; path = Account.swift; sourceTree = "<group>"; };
		443E8F82243ADE39000CB9F2 /* Owner.swift */ = {isa = PBXFileReference; lastKnownFileType = sourcecode.swift; path = Owner.swift; sourceTree = "<group>"; };
		443E8F84243B0C0E000CB9F2 /* .gitignore */ = {isa = PBXFileReference; lastKnownFileType = text; path = .gitignore; sourceTree = "<group>"; };
		44845798238001130087A520 /* FinanceAssistant.app */ = {isa = PBXFileReference; explicitFileType = wrapper.application; includeInIndex = 0; path = FinanceAssistant.app; sourceTree = BUILT_PRODUCTS_DIR; };
		4484579B238001130087A520 /* AppDelegate.swift */ = {isa = PBXFileReference; lastKnownFileType = sourcecode.swift; path = AppDelegate.swift; sourceTree = "<group>"; };
		4484579D238001130087A520 /* SceneDelegate.swift */ = {isa = PBXFileReference; lastKnownFileType = sourcecode.swift; path = SceneDelegate.swift; sourceTree = "<group>"; };
		4484579F238001130087A520 /* Home.swift */ = {isa = PBXFileReference; lastKnownFileType = sourcecode.swift; path = Home.swift; sourceTree = "<group>"; };
		448457A2238001130087A520 /* Base */ = {isa = PBXFileReference; lastKnownFileType = file.storyboard; name = Base; path = Base.lproj/Main.storyboard; sourceTree = "<group>"; };
		448457A4238001140087A520 /* Assets.xcassets */ = {isa = PBXFileReference; lastKnownFileType = folder.assetcatalog; path = Assets.xcassets; sourceTree = "<group>"; };
		448457A7238001140087A520 /* Base */ = {isa = PBXFileReference; lastKnownFileType = file.storyboard; name = Base; path = Base.lproj/LaunchScreen.storyboard; sourceTree = "<group>"; };
		448457A9238001140087A520 /* Info.plist */ = {isa = PBXFileReference; lastKnownFileType = text.plist.xml; path = Info.plist; sourceTree = "<group>"; };
		4493CC602434B548008793B7 /* AccountCard.swift */ = {isa = PBXFileReference; lastKnownFileType = sourcecode.swift; path = AccountCard.swift; sourceTree = "<group>"; };
		4493CC692434DD17008793B7 /* UIColor.swift */ = {isa = PBXFileReference; lastKnownFileType = sourcecode.swift; path = UIColor.swift; sourceTree = "<group>"; };
		4493EB012430D4A200437345 /* Budgets.swift */ = {isa = PBXFileReference; lastKnownFileType = sourcecode.swift; path = Budgets.swift; sourceTree = "<group>"; };
		4493EB052431146000437345 /* TabBar.swift */ = {isa = PBXFileReference; lastKnownFileType = sourcecode.swift; path = TabBar.swift; sourceTree = "<group>"; };
		4493EB1E2431C64300437345 /* Montserrat-SemiBold.ttf */ = {isa = PBXFileReference; lastKnownFileType = file; path = "Montserrat-SemiBold.ttf"; sourceTree = "<group>"; };
		4493EB1F2431C64300437345 /* Montserrat-Light.ttf */ = {isa = PBXFileReference; lastKnownFileType = file; path = "Montserrat-Light.ttf"; sourceTree = "<group>"; };
		4493EB202431C64300437345 /* Montserrat-Black.ttf */ = {isa = PBXFileReference; lastKnownFileType = file; path = "Montserrat-Black.ttf"; sourceTree = "<group>"; };
		4493EB212431C64300437345 /* Montserrat-Medium.ttf */ = {isa = PBXFileReference; lastKnownFileType = file; path = "Montserrat-Medium.ttf"; sourceTree = "<group>"; };
		4493EB222431C64300437345 /* Montserrat-ExtraLight.ttf */ = {isa = PBXFileReference; lastKnownFileType = file; path = "Montserrat-ExtraLight.ttf"; sourceTree = "<group>"; };
		4493EB232431C64300437345 /* Montserrat-Regular.ttf */ = {isa = PBXFileReference; lastKnownFileType = file; path = "Montserrat-Regular.ttf"; sourceTree = "<group>"; };
		4493EB242431C64300437345 /* Montserrat-Bold.ttf */ = {isa = PBXFileReference; lastKnownFileType = file; path = "Montserrat-Bold.ttf"; sourceTree = "<group>"; };
		4493EB252431C64300437345 /* Montserrat-Thin.ttf */ = {isa = PBXFileReference; lastKnownFileType = file; path = "Montserrat-Thin.ttf"; sourceTree = "<group>"; };
		4493EB262431C64300437345 /* Montserrat-ExtraBold.ttf */ = {isa = PBXFileReference; lastKnownFileType = file; path = "Montserrat-ExtraBold.ttf"; sourceTree = "<group>"; };
		44B0AA442438E83A0089E8A5 /* AccountsCards.swift */ = {isa = PBXFileReference; lastKnownFileType = sourcecode.swift; path = AccountsCards.swift; sourceTree = "<group>"; };
		44B0AA462438E8520089E8A5 /* AccountsActions.swift */ = {isa = PBXFileReference; lastKnownFileType = sourcecode.swift; path = AccountsActions.swift; sourceTree = "<group>"; };
		44B0AA4C2439ED8E0089E8A5 /* AccountAction.swift */ = {isa = PBXFileReference; lastKnownFileType = sourcecode.swift; path = AccountAction.swift; sourceTree = "<group>"; };
		44B0AA4E243A12A20089E8A5 /* Accounts.swift */ = {isa = PBXFileReference; fileEncoding = 4; lastKnownFileType = sourcecode.swift; path = Accounts.swift; sourceTree = "<group>"; };
		44B0AA51243A48FC0089E8A5 /* AccountCardList.swift */ = {isa = PBXFileReference; lastKnownFileType = sourcecode.swift; path = AccountCardList.swift; sourceTree = "<group>"; };
		44CCCB0123CB3EB000A32B59 /* Podfile */ = {isa = PBXFileReference; lastKnownFileType = text; path = Podfile; sourceTree = "<group>"; xcLanguageSpecificationIdentifier = xcode.lang.ruby; };
		44CCCB0423CB42D200A32B59 /* Budget.swift */ = {isa = PBXFileReference; lastKnownFileType = sourcecode.swift; path = Budget.swift; sourceTree = "<group>"; };
		44CCCB0823CB465900A32B59 /* DatabaseManager.swift */ = {isa = PBXFileReference; lastKnownFileType = sourcecode.swift; path = DatabaseManager.swift; sourceTree = "<group>"; };
		44FC875123CB913500824A4A /* BudgetParams.swift */ = {isa = PBXFileReference; lastKnownFileType = sourcecode.swift; path = BudgetParams.swift; sourceTree = "<group>"; };
		59A22523BC18BD4FA75ADA1D /* Pods_FinanceAssistant.framework */ = {isa = PBXFileReference; explicitFileType = wrapper.framework; includeInIndex = 0; path = Pods_FinanceAssistant.framework; sourceTree = BUILT_PRODUCTS_DIR; };
		5BDF687E4294BC8BC69A24B6 /* Pods-FinanceAssistant.release.xcconfig */ = {isa = PBXFileReference; includeInIndex = 1; lastKnownFileType = text.xcconfig; name = "Pods-FinanceAssistant.release.xcconfig"; path = "Target Support Files/Pods-FinanceAssistant/Pods-FinanceAssistant.release.xcconfig"; sourceTree = "<group>"; };
/* End PBXFileReference section */

/* Begin PBXFrameworksBuildPhase section */
		44845795238001130087A520 /* Frameworks */ = {
			isa = PBXFrameworksBuildPhase;
			buildActionMask = 2147483647;
			files = (
				787A644562AE6A7EBC63787C /* Pods_FinanceAssistant.framework in Frameworks */,
			);
			runOnlyForDeploymentPostprocessing = 0;
		};
/* End PBXFrameworksBuildPhase section */

/* Begin PBXGroup section */
		15B8A8635A90FB4E8748878E /* Pods */ = {
			isa = PBXGroup;
			children = (
				374C686EAC2A70059AA3FCF2 /* Pods-FinanceAssistant.debug.xcconfig */,
				5BDF687E4294BC8BC69A24B6 /* Pods-FinanceAssistant.release.xcconfig */,
			);
			path = Pods;
			sourceTree = "<group>";
		};
		4484578F238001130087A520 = {
			isa = PBXGroup;
			children = (
				443E8F84243B0C0E000CB9F2 /* .gitignore */,
				44CCCB0123CB3EB000A32B59 /* Podfile */,
				4484579A238001130087A520 /* FinanceAssistant */,
				44845799238001130087A520 /* Products */,
				15B8A8635A90FB4E8748878E /* Pods */,
				D4B1142C9790EB273089E889 /* Frameworks */,
			);
			sourceTree = "<group>";
		};
		44845799238001130087A520 /* Products */ = {
			isa = PBXGroup;
			children = (
				44845798238001130087A520 /* FinanceAssistant.app */,
			);
			name = Products;
			sourceTree = "<group>";
		};
		4484579A238001130087A520 /* FinanceAssistant */ = {
			isa = PBXGroup;
			children = (
				44B0AA50243A48D70089E8A5 /* Layouts */,
				4493CC682434DD0C008793B7 /* Utils */,
				4493CC5B2433B3AE008793B7 /* Views */,
				4493EB082431C07300437345 /* Fonts */,
				44CCCB0623CB462500A32B59 /* Database */,
				448457B12380012D0087A520 /* ViewControllers */,
				448457AF2380011D0087A520 /* Storyboards */,
				4484579B238001130087A520 /* AppDelegate.swift */,
				4484579D238001130087A520 /* SceneDelegate.swift */,
				448457A4238001140087A520 /* Assets.xcassets */,
				448457A9238001140087A520 /* Info.plist */,
			);
			path = FinanceAssistant;
			sourceTree = "<group>";
		};
		448457AF2380011D0087A520 /* Storyboards */ = {
			isa = PBXGroup;
			children = (
				448457A1238001130087A520 /* Main.storyboard */,
				448457A6238001140087A520 /* LaunchScreen.storyboard */,
			);
			path = Storyboards;
			sourceTree = "<group>";
		};
		448457B12380012D0087A520 /* ViewControllers */ = {
			isa = PBXGroup;
			children = (
				4493EB072431146F00437345 /* TabBar */,
			);
			path = ViewControllers;
			sourceTree = "<group>";
		};
		4493CC5B2433B3AE008793B7 /* Views */ = {
			isa = PBXGroup;
			children = (
				4493CC602434B548008793B7 /* AccountCard.swift */,
				44B0AA4C2439ED8E0089E8A5 /* AccountAction.swift */,
			);
			path = Views;
			sourceTree = "<group>";
		};
		4493CC682434DD0C008793B7 /* Utils */ = {
			isa = PBXGroup;
			children = (
				4493CC692434DD17008793B7 /* UIColor.swift */,
			);
			path = Utils;
			sourceTree = "<group>";
		};
		4493EB072431146F00437345 /* TabBar */ = {
			isa = PBXGroup;
			children = (
				44B0AA432438E7FF0089E8A5 /* Accounts */,
				4484579F238001130087A520 /* Home.swift */,
				4493EB012430D4A200437345 /* Budgets.swift */,
				4493EB052431146000437345 /* TabBar.swift */,
			);
			path = TabBar;
			sourceTree = "<group>";
		};
		4493EB082431C07300437345 /* Fonts */ = {
			isa = PBXGroup;
			children = (
				4493EB202431C64300437345 /* Montserrat-Black.ttf */,
				4493EB242431C64300437345 /* Montserrat-Bold.ttf */,
				4493EB262431C64300437345 /* Montserrat-ExtraBold.ttf */,
				4493EB222431C64300437345 /* Montserrat-ExtraLight.ttf */,
				4493EB1F2431C64300437345 /* Montserrat-Light.ttf */,
				4493EB212431C64300437345 /* Montserrat-Medium.ttf */,
				4493EB232431C64300437345 /* Montserrat-Regular.ttf */,
				4493EB1E2431C64300437345 /* Montserrat-SemiBold.ttf */,
				4493EB252431C64300437345 /* Montserrat-Thin.ttf */,
			);
			path = Fonts;
			sourceTree = "<group>";
		};
		44B0AA432438E7FF0089E8A5 /* Accounts */ = {
			isa = PBXGroup;
			children = (
				44B0AA4E243A12A20089E8A5 /* Accounts.swift */,
				44B0AA442438E83A0089E8A5 /* AccountsCards.swift */,
				44B0AA462438E8520089E8A5 /* AccountsActions.swift */,
			);
			path = Accounts;
			sourceTree = "<group>";
		};
		44B0AA50243A48D70089E8A5 /* Layouts */ = {
			isa = PBXGroup;
			children = (
				44B0AA51243A48FC0089E8A5 /* AccountCardList.swift */,
			);
			path = Layouts;
			sourceTree = "<group>";
		};
		44CCCB0623CB462500A32B59 /* Database */ = {
			isa = PBXGroup;
			children = (
				44CCCB0723CB463400A32B59 /* Models */,
				44CCCB0823CB465900A32B59 /* DatabaseManager.swift */,
			);
			path = Database;
			sourceTree = "<group>";
		};
		44CCCB0723CB463400A32B59 /* Models */ = {
			isa = PBXGroup;
			children = (
				44CCCB0423CB42D200A32B59 /* Budget.swift */,
				44FC875123CB913500824A4A /* BudgetParams.swift */,
				443E8F80243ADCC7000CB9F2 /* Account.swift */,
				443E8F82243ADE39000CB9F2 /* Owner.swift */,
			);
			path = Models;
			sourceTree = "<group>";
		};
		D4B1142C9790EB273089E889 /* Frameworks */ = {
			isa = PBXGroup;
			children = (
				59A22523BC18BD4FA75ADA1D /* Pods_FinanceAssistant.framework */,
			);
			name = Frameworks;
			sourceTree = "<group>";
		};
/* End PBXGroup section */

/* Begin PBXNativeTarget section */
		44845797238001130087A520 /* FinanceAssistant */ = {
			isa = PBXNativeTarget;
			buildConfigurationList = 448457AC238001140087A520 /* Build configuration list for PBXNativeTarget "FinanceAssistant" */;
			buildPhases = (
				475924032B5D4204F4681C17 /* [CP] Check Pods Manifest.lock */,
				44845794238001130087A520 /* Sources */,
				44845795238001130087A520 /* Frameworks */,
				44845796238001130087A520 /* Resources */,
				ECE8800C760D7C7BE5EB03EE /* [CP] Embed Pods Frameworks */,
			);
			buildRules = (
			);
			dependencies = (
			);
			name = FinanceAssistant;
			productName = FinanceAssistant;
			productReference = 44845798238001130087A520 /* FinanceAssistant.app */;
			productType = "com.apple.product-type.application";
		};
/* End PBXNativeTarget section */

/* Begin PBXProject section */
		44845790238001130087A520 /* Project object */ = {
			isa = PBXProject;
			attributes = {
				LastSwiftUpdateCheck = 1120;
				LastUpgradeCheck = 1120;
				ORGANIZATIONNAME = "Denis Stepanov";
				TargetAttributes = {
					44845797238001130087A520 = {
						CreatedOnToolsVersion = 11.2;
					};
				};
			};
			buildConfigurationList = 44845793238001130087A520 /* Build configuration list for PBXProject "FinanceAssistant" */;
			compatibilityVersion = "Xcode 9.3";
			developmentRegion = en;
			hasScannedForEncodings = 0;
			knownRegions = (
				en,
				Base,
			);
			mainGroup = 4484578F238001130087A520;
			productRefGroup = 44845799238001130087A520 /* Products */;
			projectDirPath = "";
			projectRoot = "";
			targets = (
				44845797238001130087A520 /* FinanceAssistant */,
			);
		};
/* End PBXProject section */

/* Begin PBXResourcesBuildPhase section */
		44845796238001130087A520 /* Resources */ = {
			isa = PBXResourcesBuildPhase;
			buildActionMask = 2147483647;
			files = (
				4493EB282431C64300437345 /* Montserrat-Light.ttf in Resources */,
				4493EB2E2431C64300437345 /* Montserrat-Thin.ttf in Resources */,
				4493EB2C2431C64300437345 /* Montserrat-Regular.ttf in Resources */,
				4493EB292431C64300437345 /* Montserrat-Black.ttf in Resources */,
				4493EB272431C64300437345 /* Montserrat-SemiBold.ttf in Resources */,
				4493EB2F2431C64300437345 /* Montserrat-ExtraBold.ttf in Resources */,
				448457A8238001140087A520 /* LaunchScreen.storyboard in Resources */,
				448457A5238001140087A520 /* Assets.xcassets in Resources */,
				443E8F85243B0C0E000CB9F2 /* .gitignore in Resources */,
				44CCCB0223CB3EB000A32B59 /* Podfile in Resources */,
				4493EB2D2431C64300437345 /* Montserrat-Bold.ttf in Resources */,
				4493EB2A2431C64300437345 /* Montserrat-Medium.ttf in Resources */,
				448457A3238001130087A520 /* Main.storyboard in Resources */,
				4493EB2B2431C64300437345 /* Montserrat-ExtraLight.ttf in Resources */,
			);
			runOnlyForDeploymentPostprocessing = 0;
		};
/* End PBXResourcesBuildPhase section */

/* Begin PBXShellScriptBuildPhase section */
		475924032B5D4204F4681C17 /* [CP] Check Pods Manifest.lock */ = {
			isa = PBXShellScriptBuildPhase;
			buildActionMask = 2147483647;
			files = (
			);
			inputFileListPaths = (
			);
			inputPaths = (
				"${PODS_PODFILE_DIR_PATH}/Podfile.lock",
				"${PODS_ROOT}/Manifest.lock",
			);
			name = "[CP] Check Pods Manifest.lock";
			outputFileListPaths = (
			);
			outputPaths = (
				"$(DERIVED_FILE_DIR)/Pods-FinanceAssistant-checkManifestLockResult.txt",
			);
			runOnlyForDeploymentPostprocessing = 0;
			shellPath = /bin/sh;
			shellScript = "diff \"${PODS_PODFILE_DIR_PATH}/Podfile.lock\" \"${PODS_ROOT}/Manifest.lock\" > /dev/null\nif [ $? != 0 ] ; then\n    # print error to STDERR\n    echo \"error: The sandbox is not in sync with the Podfile.lock. Run 'pod install' or update your CocoaPods installation.\" >&2\n    exit 1\nfi\n# This output is used by Xcode 'outputs' to avoid re-running this script phase.\necho \"SUCCESS\" > \"${SCRIPT_OUTPUT_FILE_0}\"\n";
			showEnvVarsInLog = 0;
		};
		ECE8800C760D7C7BE5EB03EE /* [CP] Embed Pods Frameworks */ = {
			isa = PBXShellScriptBuildPhase;
			buildActionMask = 2147483647;
			files = (
			);
			inputFileListPaths = (
				"${PODS_ROOT}/Target Support Files/Pods-FinanceAssistant/Pods-FinanceAssistant-frameworks-${CONFIGURATION}-input-files.xcfilelist",
			);
			name = "[CP] Embed Pods Frameworks";
			outputFileListPaths = (
				"${PODS_ROOT}/Target Support Files/Pods-FinanceAssistant/Pods-FinanceAssistant-frameworks-${CONFIGURATION}-output-files.xcfilelist",
			);
			runOnlyForDeploymentPostprocessing = 0;
			shellPath = /bin/sh;
			shellScript = "\"${PODS_ROOT}/Target Support Files/Pods-FinanceAssistant/Pods-FinanceAssistant-frameworks.sh\"\n";
			showEnvVarsInLog = 0;
		};
/* End PBXShellScriptBuildPhase section */

/* Begin PBXSourcesBuildPhase section */
		44845794238001130087A520 /* Sources */ = {
			isa = PBXSourcesBuildPhase;
			buildActionMask = 2147483647;
			files = (
				44FC875223CB913500824A4A /* BudgetParams.swift in Sources */,
				44CCCB0923CB465900A32B59 /* DatabaseManager.swift in Sources */,
				44B0AA4D2439ED8E0089E8A5 /* AccountAction.swift in Sources */,
				44B0AA452438E83A0089E8A5 /* AccountsCards.swift in Sources */,
				448457A0238001130087A520 /* Home.swift in Sources */,
				443E8F81243ADCC7000CB9F2 /* Account.swift in Sources */,
				4484579C238001130087A520 /* AppDelegate.swift in Sources */,
				4493EB022430D4A200437345 /* Budgets.swift in Sources */,
				44B0AA4F243A12A20089E8A5 /* Accounts.swift in Sources */,
				44B0AA52243A48FC0089E8A5 /* AccountCardList.swift in Sources */,
				4484579E238001130087A520 /* SceneDelegate.swift in Sources */,
				4493CC6A2434DD17008793B7 /* UIColor.swift in Sources */,
				4493EB062431146000437345 /* TabBar.swift in Sources */,
				44CCCB0523CB42D200A32B59 /* Budget.swift in Sources */,
				443E8F83243ADE39000CB9F2 /* Owner.swift in Sources */,
				4493CC612434B548008793B7 /* AccountCard.swift in Sources */,
				44B0AA472438E8520089E8A5 /* AccountsActions.swift in Sources */,
			);
			runOnlyForDeploymentPostprocessing = 0;
		};
/* End PBXSourcesBuildPhase section */

/* Begin PBXVariantGroup section */
		448457A1238001130087A520 /* Main.storyboard */ = {
			isa = PBXVariantGroup;
			children = (
				448457A2238001130087A520 /* Base */,
			);
			name = Main.storyboard;
			sourceTree = "<group>";
		};
		448457A6238001140087A520 /* LaunchScreen.storyboard */ = {
			isa = PBXVariantGroup;
			children = (
				448457A7238001140087A520 /* Base */,
			);
			name = LaunchScreen.storyboard;
			sourceTree = "<group>";
		};
/* End PBXVariantGroup section */

/* Begin XCBuildConfiguration section */
		448457AA238001140087A520 /* Debug */ = {
			isa = XCBuildConfiguration;
			buildSettings = {
				ALWAYS_SEARCH_USER_PATHS = NO;
				CLANG_ANALYZER_NONNULL = YES;
				CLANG_ANALYZER_NUMBER_OBJECT_CONVERSION = YES_AGGRESSIVE;
				CLANG_CXX_LANGUAGE_STANDARD = "gnu++14";
				CLANG_CXX_LIBRARY = "libc++";
				CLANG_ENABLE_MODULES = YES;
				CLANG_ENABLE_OBJC_ARC = YES;
				CLANG_ENABLE_OBJC_WEAK = YES;
				CLANG_WARN_BLOCK_CAPTURE_AUTORELEASING = YES;
				CLANG_WARN_BOOL_CONVERSION = YES;
				CLANG_WARN_COMMA = YES;
				CLANG_WARN_CONSTANT_CONVERSION = YES;
				CLANG_WARN_DEPRECATED_OBJC_IMPLEMENTATIONS = YES;
				CLANG_WARN_DIRECT_OBJC_ISA_USAGE = YES_ERROR;
				CLANG_WARN_DOCUMENTATION_COMMENTS = YES;
				CLANG_WARN_EMPTY_BODY = YES;
				CLANG_WARN_ENUM_CONVERSION = YES;
				CLANG_WARN_INFINITE_RECURSION = YES;
				CLANG_WARN_INT_CONVERSION = YES;
				CLANG_WARN_NON_LITERAL_NULL_CONVERSION = YES;
				CLANG_WARN_OBJC_IMPLICIT_RETAIN_SELF = YES;
				CLANG_WARN_OBJC_LITERAL_CONVERSION = YES;
				CLANG_WARN_OBJC_ROOT_CLASS = YES_ERROR;
				CLANG_WARN_RANGE_LOOP_ANALYSIS = YES;
				CLANG_WARN_STRICT_PROTOTYPES = YES;
				CLANG_WARN_SUSPICIOUS_MOVE = YES;
				CLANG_WARN_UNGUARDED_AVAILABILITY = YES_AGGRESSIVE;
				CLANG_WARN_UNREACHABLE_CODE = YES;
				CLANG_WARN__DUPLICATE_METHOD_MATCH = YES;
				COPY_PHASE_STRIP = NO;
				DEBUG_INFORMATION_FORMAT = dwarf;
				ENABLE_STRICT_OBJC_MSGSEND = YES;
				ENABLE_TESTABILITY = YES;
				GCC_C_LANGUAGE_STANDARD = gnu11;
				GCC_DYNAMIC_NO_PIC = NO;
				GCC_NO_COMMON_BLOCKS = YES;
				GCC_OPTIMIZATION_LEVEL = 0;
				GCC_PREPROCESSOR_DEFINITIONS = (
					"DEBUG=1",
					"$(inherited)",
				);
				GCC_WARN_64_TO_32_BIT_CONVERSION = YES;
				GCC_WARN_ABOUT_RETURN_TYPE = YES_ERROR;
				GCC_WARN_UNDECLARED_SELECTOR = YES;
				GCC_WARN_UNINITIALIZED_AUTOS = YES_AGGRESSIVE;
				GCC_WARN_UNUSED_FUNCTION = YES;
				GCC_WARN_UNUSED_VARIABLE = YES;
				IPHONEOS_DEPLOYMENT_TARGET = 13.2;
				MTL_ENABLE_DEBUG_INFO = INCLUDE_SOURCE;
				MTL_FAST_MATH = YES;
				ONLY_ACTIVE_ARCH = YES;
				SDKROOT = iphoneos;
				SWIFT_ACTIVE_COMPILATION_CONDITIONS = DEBUG;
				SWIFT_OPTIMIZATION_LEVEL = "-Onone";
			};
			name = Debug;
		};
		448457AB238001140087A520 /* Release */ = {
			isa = XCBuildConfiguration;
			buildSettings = {
				ALWAYS_SEARCH_USER_PATHS = NO;
				CLANG_ANALYZER_NONNULL = YES;
				CLANG_ANALYZER_NUMBER_OBJECT_CONVERSION = YES_AGGRESSIVE;
				CLANG_CXX_LANGUAGE_STANDARD = "gnu++14";
				CLANG_CXX_LIBRARY = "libc++";
				CLANG_ENABLE_MODULES = YES;
				CLANG_ENABLE_OBJC_ARC = YES;
				CLANG_ENABLE_OBJC_WEAK = YES;
				CLANG_WARN_BLOCK_CAPTURE_AUTORELEASING = YES;
				CLANG_WARN_BOOL_CONVERSION = YES;
				CLANG_WARN_COMMA = YES;
				CLANG_WARN_CONSTANT_CONVERSION = YES;
				CLANG_WARN_DEPRECATED_OBJC_IMPLEMENTATIONS = YES;
				CLANG_WARN_DIRECT_OBJC_ISA_USAGE = YES_ERROR;
				CLANG_WARN_DOCUMENTATION_COMMENTS = YES;
				CLANG_WARN_EMPTY_BODY = YES;
				CLANG_WARN_ENUM_CONVERSION = YES;
				CLANG_WARN_INFINITE_RECURSION = YES;
				CLANG_WARN_INT_CONVERSION = YES;
				CLANG_WARN_NON_LITERAL_NULL_CONVERSION = YES;
				CLANG_WARN_OBJC_IMPLICIT_RETAIN_SELF = YES;
				CLANG_WARN_OBJC_LITERAL_CONVERSION = YES;
				CLANG_WARN_OBJC_ROOT_CLASS = YES_ERROR;
				CLANG_WARN_RANGE_LOOP_ANALYSIS = YES;
				CLANG_WARN_STRICT_PROTOTYPES = YES;
				CLANG_WARN_SUSPICIOUS_MOVE = YES;
				CLANG_WARN_UNGUARDED_AVAILABILITY = YES_AGGRESSIVE;
				CLANG_WARN_UNREACHABLE_CODE = YES;
				CLANG_WARN__DUPLICATE_METHOD_MATCH = YES;
				COPY_PHASE_STRIP = NO;
				DEBUG_INFORMATION_FORMAT = "dwarf-with-dsym";
				ENABLE_NS_ASSERTIONS = NO;
				ENABLE_STRICT_OBJC_MSGSEND = YES;
				GCC_C_LANGUAGE_STANDARD = gnu11;
				GCC_NO_COMMON_BLOCKS = YES;
				GCC_WARN_64_TO_32_BIT_CONVERSION = YES;
				GCC_WARN_ABOUT_RETURN_TYPE = YES_ERROR;
				GCC_WARN_UNDECLARED_SELECTOR = YES;
				GCC_WARN_UNINITIALIZED_AUTOS = YES_AGGRESSIVE;
				GCC_WARN_UNUSED_FUNCTION = YES;
				GCC_WARN_UNUSED_VARIABLE = YES;
				IPHONEOS_DEPLOYMENT_TARGET = 13.2;
				MTL_ENABLE_DEBUG_INFO = NO;
				MTL_FAST_MATH = YES;
				SDKROOT = iphoneos;
				SWIFT_COMPILATION_MODE = wholemodule;
				SWIFT_OPTIMIZATION_LEVEL = "-O";
				VALIDATE_PRODUCT = YES;
			};
			name = Release;
		};
		448457AD238001140087A520 /* Debug */ = {
			isa = XCBuildConfiguration;
			baseConfigurationReference = 374C686EAC2A70059AA3FCF2 /* Pods-FinanceAssistant.debug.xcconfig */;
			buildSettings = {
				ASSETCATALOG_COMPILER_APPICON_NAME = AppIcon;
				CODE_SIGN_STYLE = Automatic;
				DEVELOPMENT_TEAM = 39MDX3FTNZ;
				FRAMEWORK_SEARCH_PATHS = (
					"$(inherited)",
					"$(SRCROOT)",
					"\"$PODS_CONFIGURATION_BUILD_DIR/RealmSwift\"",
				);
				INFOPLIST_FILE = FinanceAssistant/Info.plist;
				LD_RUNPATH_SEARCH_PATHS = (
					"$(inherited)",
					"@executable_path/Frameworks",
				);
				LIBRARY_SEARCH_PATHS = (
					"$(inherited)",
					"$(PROJECT_DIR)/Pods/Realm/core",
				);
				PRODUCT_BUNDLE_IDENTIFIER = com.sdg.FinanceAssistant;
				PRODUCT_NAME = "$(TARGET_NAME)";
				SWIFT_VERSION = 5.0;
				TARGETED_DEVICE_FAMILY = 1;
			};
			name = Debug;
		};
		448457AE238001140087A520 /* Release */ = {
			isa = XCBuildConfiguration;
			baseConfigurationReference = 5BDF687E4294BC8BC69A24B6 /* Pods-FinanceAssistant.release.xcconfig */;
			buildSettings = {
				ASSETCATALOG_COMPILER_APPICON_NAME = AppIcon;
				CODE_SIGN_STYLE = Automatic;
				DEVELOPMENT_TEAM = 39MDX3FTNZ;
				FRAMEWORK_SEARCH_PATHS = (
					"$(inherited)",
					"$(SRCROOT)",
					"\"$PODS_CONFIGURATION_BUILD_DIR/RealmSwift\"",
				);
				INFOPLIST_FILE = FinanceAssistant/Info.plist;
				LD_RUNPATH_SEARCH_PATHS = (
					"$(inherited)",
					"@executable_path/Frameworks",
				);
				LIBRARY_SEARCH_PATHS = (
					"$(inherited)",
					"$(PROJECT_DIR)/Pods/Realm/core",
				);
				PRODUCT_BUNDLE_IDENTIFIER = com.sdg.FinanceAssistant;
				PRODUCT_NAME = "$(TARGET_NAME)";
				SWIFT_VERSION = 5.0;
				TARGETED_DEVICE_FAMILY = 1;
			};
			name = Release;
		};
/* End XCBuildConfiguration section */

/* Begin XCConfigurationList section */
		44845793238001130087A520 /* Build configuration list for PBXProject "FinanceAssistant" */ = {
			isa = XCConfigurationList;
			buildConfigurations = (
				448457AA238001140087A520 /* Debug */,
				448457AB238001140087A520 /* Release */,
			);
			defaultConfigurationIsVisible = 0;
			defaultConfigurationName = Release;
		};
		448457AC238001140087A520 /* Build configuration list for PBXNativeTarget "FinanceAssistant" */ = {
			isa = XCConfigurationList;
			buildConfigurations = (
				448457AD238001140087A520 /* Debug */,
				448457AE238001140087A520 /* Release */,
			);
			defaultConfigurationIsVisible = 0;
			defaultConfigurationName = Release;
		};
/* End XCConfigurationList section */
	};
	rootObject = 44845790238001130087A520 /* Project object */;
}
